
Microsoft Visual Studio Solution File, Format Version 12.00
# Visual Studio Version 17
VisualStudioVersion = 17.11.35219.272
MinimumVisualStudioVersion = 10.0.40219.1
Project("{FAE04EC0-301F-11D3-BF4B-00C04F79EFBC}") = "TextEditor", "TextEditor\TextEditor.csproj", "{B1CD91A1-2C85-402A-AD1B-3CEBEBA52F5C}"
EndProject
Global
	GlobalSection(SolutionConfigurationPlatforms) = preSolution
		Debug|Any CPU = Debug|Any CPU
		Release|Any CPU = Release|Any CPU
	EndGlobalSection
	GlobalSection(ProjectConfigurationPlatforms) = postSolution
		{B1CD91A1-2C85-402A-AD1B-3CEBEBA52F5C}.Debug|Any CPU.ActiveCfg = Debug|Any CPU
		{B1CD91A1-2C85-402A-AD1B-3CEBEBA52F5C}.Debug|Any CPU.Build.0 = Debug|Any CPU
		{B1CD91A1-2C85-402A-AD1B-3CEBEBA52F5C}.Release|Any CPU.ActiveCfg = Release|Any CPU
		{B1CD91A1-2C85-402A-AD1B-3CEBEBA52F5C}.Release|Any CPU.Build.0 = Release|Any CPU
	EndGlobalSection
	GlobalSection(SolutionProperties) = preSolution
		HideSolutionNode = FALSE
	EndGlobalSection
	GlobalSection(ExtensibilityGlobals) = postSolution
		SolutionGuid = {F5601E50-D71D-4E70-BBBC-75A7CE92785A}
	EndGlobalSection
EndGlobal
